github.com/google/go-cmp v0.5.5 h1:Khx7svrCpmxxtHBq5j2mp/xVjsi8hQMfNLvJFAlrGgU=
github.com/google/go-cmp v0.5.5/go.mod h1:v8dTdLbMG2kIc/vJvl+f65V22dbkXbowE6jgT/gNBxE=
golang.org/x/xerrors v0.0.0-20191204190536-9bdfabe68543 h1:E7g+9GITq07hpfrRu66IVDexMakfv52eLZ2CXBWiKr4=
golang.org/x/xerrors v0.0.0-20191204190536-9bdfabe68543/go.mod h1:I/5z698sn9Ka8TeJc9MKroUUfqBBauWjQqLJ2OPfmY0=
google.golang.org/protobuf v1.34.2 h1:6xV6lTsCfpGD21XK49h7MhtcApnLqkfYgPcdHftf6hg=
google.golang.org/protobuf v1.34.2/go.mod h1:qYOHts0dSfpeUzUFpOMr/WGzszTmLH+DiWniOlNbLDw=
iw-mapviewer.cmh.platform-dev.evinternal.net/api v0.0.0-20240920101653-6450f87f7de0 h1:1t21vmHDhBLhm697WbWkt1HFzvDEIM5eR+MYi2OtF1c=
iw-mapviewer.cmh.platform-dev.evinternal.net/api v0.0.0-20240920101653-6450f87f7de0/go.mod h1:g6pvq13p3WaDeGOpPGElz+Bq9/YniJAq4kotgB9rl/o=
iw-mapviewer.cmh.platform-dev.evinternal.net/api v0.0.0-20240924021912-e7d62a673869 h1:CGaWbPpkGIs0VtXh+Qv4F3TzRWa0Tjsx7vYOFLqm8DA=
iw-mapviewer.cmh.platform-dev.evinternal.net/api v0.0.0-20240924021912-e7d62a673869/go.mod h1:g6pvq13p3WaDeGOpPGElz+Bq9/YniJAq4kotgB9rl/o=
iw-mapviewer.cmh.platform-dev.evinternal.net/api v1.0.0 h1:Kw/prqcXP8drsli7nDgSu9JvNKWc1F0m4xeu0ODiBwA=
iw-mapviewer.cmh.platform-dev.evinternal.net/api v1.0.0/go.mod h1:g6pvq13p3WaDeGOpPGElz+Bq9/YniJAq4kotgB9rl/o=
